
Microsoft Visual Studio Solution File, Format Version 12.00
# Visual Studio Version 17
VisualStudioVersion = 17.4.33213.308
MinimumVisualStudioVersion = 10.0.40219.1
Project("{9A19103F-16F7-4668-BE54-9A1E7A4F7556}") = "OurCompany", "Practice_1\OurCompany.csproj", "{13DD68C6-BBC1-4709-8279-929C35CB1B05}"
EndProject
Global
	GlobalSection(SolutionConfigurationPlatforms) = preSolution
		Debug|Any CPU = Debug|Any CPU
		Release|Any CPU = Release|Any CPU
	EndGlobalSection
	GlobalSection(ProjectConfigurationPlatforms) = postSolution
		{13DD68C6-BBC1-4709-8279-929C35CB1B05}.Debug|Any CPU.ActiveCfg = Debug|Any CPU
		{13DD68C6-BBC1-4709-8279-929C35CB1B05}.Debug|Any CPU.Build.0 = Debug|Any CPU
		{13DD68C6-BBC1-4709-8279-929C35CB1B05}.Release|Any CPU.ActiveCfg = Release|Any CPU
		{13DD68C6-BBC1-4709-8279-929C35CB1B05}.Release|Any CPU.Build.0 = Release|Any CPU
	EndGlobalSection
	GlobalSection(SolutionProperties) = preSolution
		HideSolutionNode = FALSE
	EndGlobalSection
	GlobalSection(ExtensibilityGlobals) = postSolution
		SolutionGuid = {6A13DB64-5F3B-4C13-A6A3-EA3E77D9FCE9}
	EndGlobalSection
EndGlobal
